
Microsoft Visual Studio Solution File, Format Version 12.00
# Visual Studio 14
VisualStudioVersion = 14.0.25420.1
MinimumVisualStudioVersion = 10.0.40219.1
Project("{FAE04EC0-301F-11D3-BF4B-00C04F79EFBC}") = "BegVCSharp_21_3_XMLfromDatabase", "BegVCSharp_21_3_XMLfromDatabase\BegVCSharp_21_3_XMLfromDatabase.csproj", "{E378E0EB-6B63-4E6A-AEA9-72AD29849559}"
EndProject
Global
	GlobalSection(SolutionConfigurationPlatforms) = preSolution
		Debug|Any CPU = Debug|Any CPU
		Release|Any CPU = Release|Any CPU
	EndGlobalSection
	GlobalSection(ProjectConfigurationPlatforms) = postSolution
		{E378E0EB-6B63-4E6A-AEA9-72AD29849559}.Debug|Any CPU.ActiveCfg = Debug|Any CPU
		{E378E0EB-6B63-4E6A-AEA9-72AD29849559}.Debug|Any CPU.Build.0 = Debug|Any CPU
		{E378E0EB-6B63-4E6A-AEA9-72AD29849559}.Release|Any CPU.ActiveCfg = Release|Any CPU
		{E378E0EB-6B63-4E6A-AEA9-72AD29849559}.Release|Any CPU.Build.0 = Release|Any CPU
	EndGlobalSection
	GlobalSection(SolutionProperties) = preSolution
		HideSolutionNode = FALSE
	EndGlobalSection
EndGlobal
